
Microsoft Visual Studio Solution File, Format Version 12.00
# Visual Studio Version 16
VisualStudioVersion = 25.0.1706.4
MinimumVisualStudioVersion = 10.0.40219.1
Project("{FAE04EC0-301F-11D3-BF4B-00C04F79EFBC}") = "Puzzle", "Puzzle.csproj", "{F89BC905-2682-4BE0-8C42-FC3B07EEE32D}"
EndProject
Global
	GlobalSection(SolutionConfigurationPlatforms) = preSolution
		Debug|Any CPU = Debug|Any CPU
		Release|Any CPU = Release|Any CPU
	EndGlobalSection
	GlobalSection(ProjectConfigurationPlatforms) = postSolution
		{F89BC905-2682-4BE0-8C42-FC3B07EEE32D}.Debug|Any CPU.ActiveCfg = Debug|Any CPU
		{F89BC905-2682-4BE0-8C42-FC3B07EEE32D}.Debug|Any CPU.Build.0 = Debug|Any CPU
		{F89BC905-2682-4BE0-8C42-FC3B07EEE32D}.Release|Any CPU.ActiveCfg = Release|Any CPU
		{F89BC905-2682-4BE0-8C42-FC3B07EEE32D}.Release|Any CPU.Build.0 = Release|Any CPU
	EndGlobalSection
	GlobalSection(SolutionProperties) = preSolution
		HideSolutionNode = FALSE
	EndGlobalSection
	GlobalSection(ExtensibilityGlobals) = postSolution
		SolutionGuid = {A71E8AA2-077C-4524-BE29-66677626A0B7}
	EndGlobalSection
EndGlobal
